dependencies:
- name: valkey
  repository: https://valkey.io/valkey-helm/
  version: 0.9.4
- name: postgres
  repository: oci://registry-1.docker.io/cloudpirates
  version: 0.19.3
digest: sha256:470c22b4c24574696f0e717adebac85c7a4613efcc990227904980ee4ffeb8c5
generated: "2026-05-06T15:47:34.111157217+01:00"
